
Microsoft Visual Studio Solution File, Format Version 12.00
# Visual Studio 14
VisualStudioVersion = 14.0.24720.0
MinimumVisualStudioVersion = 10.0.40219.1
Project("{8BC9CEB8-8B4A-11D0-8D11-00A0C91BC942}") = "DualContouringGLFW", "DualContouringGLFW\DualContouringGLFW.vcxproj", "{885A9800-1E53-4D74-8B32-76BED1EB0C57}"
	ProjectSection(ProjectDependencies) = postProject
		{EFDA08EA-DA84-4AB5-B7B8-FC878FFCED6A} = {EFDA08EA-DA84-4AB5-B7B8-FC878FFCED6A}
	EndProjectSection
EndProject
Project("{8BC9CEB8-8B4A-11D0-8D11-00A0C91BC942}") = "libnoise", "External\libnoise\libnoise\libnoise.vcxproj", "{EFDA08EA-DA84-4AB5-B7B8-FC878FFCED6A}"
EndProject
Global
	GlobalSection(SolutionConfigurationPlatforms) = preSolution
		Debug|x64 = Debug|x64
		Debug|x86 = Debug|x86
		Release|x64 = Release|x64
		Release|x86 = Release|x86
	EndGlobalSection
	GlobalSection(ProjectConfigurationPlatforms) = postSolution
		{885A9800-1E53-4D74-8B32-76BED1EB0C57}.Debug|x64.ActiveCfg = Debug|x64
		{885A9800-1E53-4D74-8B32-76BED1EB0C57}.Debug|x64.Build.0 = Debug|x64
		{885A9800-1E53-4D74-8B32-76BED1EB0C57}.Debug|x86.ActiveCfg = Debug|Win32
		{885A9800-1E53-4D74-8B32-76BED1EB0C57}.Debug|x86.Build.0 = Debug|Win32
		{885A9800-1E53-4D74-8B32-76BED1EB0C57}.Release|x64.ActiveCfg = Release|x64
		{885A9800-1E53-4D74-8B32-76BED1EB0C57}.Release|x64.Build.0 = Release|x64
		{885A9800-1E53-4D74-8B32-76BED1EB0C57}.Release|x86.ActiveCfg = Release|Win32
		{885A9800-1E53-4D74-8B32-76BED1EB0C57}.Release|x86.Build.0 = Release|Win32
		{EFDA08EA-DA84-4AB5-B7B8-FC878FFCED6A}.Debug|x64.ActiveCfg = Debug|x64
		{EFDA08EA-DA84-4AB5-B7B8-FC878FFCED6A}.Debug|x64.Build.0 = Debug|x64
		{EFDA08EA-DA84-4AB5-B7B8-FC878FFCED6A}.Debug|x86.ActiveCfg = Debug|Win32
		{EFDA08EA-DA84-4AB5-B7B8-FC878FFCED6A}.Debug|x86.Build.0 = Debug|Win32
		{EFDA08EA-DA84-4AB5-B7B8-FC878FFCED6A}.Release|x64.ActiveCfg = Release|x64
		{EFDA08EA-DA84-4AB5-B7B8-FC878FFCED6A}.Release|x64.Build.0 = Release|x64
		{EFDA08EA-DA84-4AB5-B7B8-FC878FFCED6A}.Release|x86.ActiveCfg = Release|Win32
		{EFDA08EA-DA84-4AB5-B7B8-FC878FFCED6A}.Release|x86.Build.0 = Release|Win32
	EndGlobalSection
	GlobalSection(SolutionProperties) = preSolution
		HideSolutionNode = FALSE
	EndGlobalSection
EndGlobal
